
Microsoft Visual Studio Solution File, Format Version 12.00
# Visual Studio 15
VisualStudioVersion = 15.0.28307.572
MinimumVisualStudioVersion = 10.0.40219.1
Project("{8BC9CEB8-8B4A-11D0-8D11-00A0C91BC942}") = "C-achieve-inheriting-and-polymorphism", "C-achieve-inheriting-and-polymorphism\C-achieve-inheriting-and-polymorphism.vcxproj", "{30F0433C-944D-4198-9B66-A16A45CDB85F}"
EndProject
Global
	GlobalSection(SolutionConfigurationPlatforms) = preSolution
		Debug|x64 = Debug|x64
		Debug|x86 = Debug|x86
		Release|x64 = Release|x64
		Release|x86 = Release|x86
	EndGlobalSection
	GlobalSection(ProjectConfigurationPlatforms) = postSolution
		{30F0433C-944D-4198-9B66-A16A45CDB85F}.Debug|x64.ActiveCfg = Debug|x64
		{30F0433C-944D-4198-9B66-A16A45CDB85F}.Debug|x64.Build.0 = Debug|x64
		{30F0433C-944D-4198-9B66-A16A45CDB85F}.Debug|x86.ActiveCfg = Debug|Win32
		{30F0433C-944D-4198-9B66-A16A45CDB85F}.Debug|x86.Build.0 = Debug|Win32
		{30F0433C-944D-4198-9B66-A16A45CDB85F}.Release|x64.ActiveCfg = Release|x64
		{30F0433C-944D-4198-9B66-A16A45CDB85F}.Release|x64.Build.0 = Release|x64
		{30F0433C-944D-4198-9B66-A16A45CDB85F}.Release|x86.ActiveCfg = Release|Win32
		{30F0433C-944D-4198-9B66-A16A45CDB85F}.Release|x86.Build.0 = Release|Win32
	EndGlobalSection
	GlobalSection(SolutionProperties) = preSolution
		HideSolutionNode = FALSE
	EndGlobalSection
	GlobalSection(ExtensibilityGlobals) = postSolution
		SolutionGuid = {23F3966F-8A7F-40D5-AD45-99DCC91D1E5B}
	EndGlobalSection
EndGlobal
